	<Project xmlns="http://schemas.microsoft.com/developer/msbuild/2003">
		<PropertyGroup>
			<ProjectGuid>{FF7F5646-417A-4090-9600-23E94829AFE5}</ProjectGuid>
			<MainSource>XMPP.dpk</MainSource>
			<ProjectVersion>12.2</ProjectVersion>
			<Base>True</Base>
			<Config Condition="'$(Config)'==''">Debug</Config>
			<Platform>Win32</Platform>
			<AppType>Package</AppType>
			<FrameworkType>VCL</FrameworkType>
			<DCC_DCCCompiler>DCC32</DCC_DCCCompiler>
		</PropertyGroup>
		<PropertyGroup Condition="'$(Config)'=='Base' or '$(Base)'!=''">
			<Base>true</Base>
		</PropertyGroup>
		<PropertyGroup Condition="'$(Config)'=='Debug' or '$(Cfg_1)'!=''">
			<Cfg_1>true</Cfg_1>
			<CfgParent>Base</CfgParent>
			<Base>true</Base>
		</PropertyGroup>
		<PropertyGroup Condition="'$(Config)'=='Release' or '$(Cfg_2)'!=''">
			<Cfg_2>true</Cfg_2>
			<CfgParent>Base</CfgParent>
			<Base>true</Base>
		</PropertyGroup>
		<PropertyGroup Condition="'$(Base)'!=''">
			<GenPackage>true</GenPackage>
			<DCC_CBuilderOutput>All</DCC_CBuilderOutput>
			<GenDll>true</GenDll>
			<DCC_ImageBase>00400000</DCC_ImageBase>
			<DCC_DcuOutput>.\$(Config)\$(Platform)</DCC_DcuOutput>
			<DCC_UnitAlias>WinTypes=Windows;WinProcs=Windows;DbiTypes=BDE;DbiProcs=BDE;$(DCC_UnitAlias)</DCC_UnitAlias>
			<DCC_ExeOutput>.\$(Config)\$(Platform)</DCC_ExeOutput>
		</PropertyGroup>
		<PropertyGroup Condition="'$(Cfg_1)'!=''">
			<BRCC_IncludePath>E:\Solution\Dephi\NativeXml330\general;E:\Solution\Dephi\NativeXml330\nativexml;$(BRCC_IncludePath)</BRCC_IncludePath>
			<DCC_DebugDCUs>true</DCC_DebugDCUs>
			<DCC_Define>DEBUG;$(DCC_Define)</DCC_Define>
			<DCC_Optimize>false</DCC_Optimize>
			<DCC_GenerateStackFrames>true</DCC_GenerateStackFrames>
		</PropertyGroup>
		<PropertyGroup Condition="'$(Cfg_2)'!=''">
			<DCC_LocalDebugSymbols>false</DCC_LocalDebugSymbols>
			<DCC_Define>RELEASE;$(DCC_Define)</DCC_Define>
			<DCC_SymbolReferenceInfo>0</DCC_SymbolReferenceInfo>
			<DCC_DebugInformation>false</DCC_DebugInformation>
		</PropertyGroup>
		<ItemGroup>
			<DelphiCompile Include="XMPP.dpk">
				<MainSource>MainSource</MainSource>
			</DelphiCompile>
			<DCCReference Include="rtl.dcp"/>
			<DCCReference Include="vcl.dcp"/>
			<DCCReference Include="soaprtl.dcp"/>
			<DCCReference Include="IndyCore.dcp"/>
			<DCCReference Include="IndySystem.dcp"/>
			<DCCReference Include="IndyProtocols.dcp"/>
			<DCCReference Include="protocol\Base\DirectionalElement.pas"/>
			<DCCReference Include="protocol\Base\Stanza.pas"/>
			<DCCReference Include="util\SecHash.pas"/>
			<DCCReference Include="Jid.pas"/>
			<DCCReference Include="Idn\stringprep.pas"/>
			<DCCReference Include="XML\Dom\Element.pas"/>
			<DCCReference Include="protocol\Base\Item.pas"/>
			<DCCReference Include="protocol\Base\RosterItem.pas"/>
			<DCCReference Include="protocol\Base\Group.pas"/>
			<DCCReference Include="Id.pas"/>
			<DCCReference Include="protocol\Base\Stream.pas"/>
			<DCCReference Include="protocol\Base\Avatar.pas"/>
			<DCCReference Include="Base64.pas"/>
			<DCCReference Include="protocol\client\Error.pas"/>
			<DCCReference Include="XmppUri.pas"/>
			<DCCReference Include="protocol\client\IQ.pas"/>
			<DCCReference Include="protocol\iq\session\Session.pas"/>
			<DCCReference Include="protocol\iq\bind\Bind.pas"/>
			<DCCReference Include="protocol\iq\vcard\Vcard.pas"/>
			<DCCReference Include="protocol\iq\vcard\Photo.pas"/>
			<DCCReference Include="protocol\iq\vcard\Organization.pas"/>
			<DCCReference Include="protocol\iq\vcard\Address.pas"/>
			<DCCReference Include="protocol\iq\vcard\Telephone.pas"/>
			<DCCReference Include="protocol\iq\vcard\Name.pas"/>
			<DCCReference Include="protocol\iq\vcard\Email.pas"/>
			<DCCReference Include="protocol\iq\vcard\VcardIq.pas"/>
			<DCCReference Include="protocol\iq\bind\BindIq.pas"/>
			<DCCReference Include="protocol\iq\session\SessionIq.pas"/>
			<DCCReference Include="protocol\x\Delay.pas"/>
			<DCCReference Include="util\Time.pas"/>
			<DCCReference Include="protocol\x\muc\User.pas"/>
			<DCCReference Include="protocol\x\muc\MUItem.pas"/>
			<DCCReference Include="protocol\x\muc\MUStatus.pas"/>
			<DCCReference Include="protocol\x\muc\MUActor.pas"/>
			<DCCReference Include="protocol\x\muc\MUInvitation.pas"/>
			<DCCReference Include="protocol\x\muc\MUInvite.pas"/>
			<DCCReference Include="protocol\extensions\nickname.Nickname.pas"/>
			<DCCReference Include="protocol\x\muc\MUDecline.pas"/>
			<DCCReference Include="protocol\Client\Presence.pas"/>
			<DCCReference Include="protocol\extensions\primary.Primary.pas"/>
			<DCCReference Include="XmppConnection.pas"/>
			<DCCReference Include="net\ClientSocket.pas"/>
			<DCCReference Include="XmppClientConnection.pas"/>
			<DCCReference Include="protocol\iq\agent\Agent.pas"/>
			<DCCReference Include="PacketGrabber.pas"/>
			<DCCReference Include="IqGrabber.pas"/>
			<DCCReference Include="XMPPEvent.pas"/>
			<DCCReference Include="EventList.pas"/>
			<DCCReference Include="PresenceGrabber.pas"/>
			<DCCReference Include="MessageGrabber.pas"/>
			<DCCReference Include="protocol\Client\Message.pas"/>
			<DCCReference Include="protocol\extensions\html.Html.pas"/>
			<DCCReference Include="protocol\extensions\html.Body.pas"/>
			<DCCReference Include="protocol\x\Event.pas"/>
			<DCCReference Include="protocol\extensions\shim.Headers.pas"/>
			<DCCReference Include="protocol\extensions\shim.Header.pas"/>
			<DCCReference Include="protocol\extensions\chatstates.Chatstate.pas"/>
			<DCCReference Include="protocol\Client\PresenceManager.pas"/>
			<DCCReference Include="Factory\ElementFactory.pas"/>
			<DCCReference Include="Factory\ElementType.pas"/>
			<DCCReference Include="XMPPConst.pas"/>
			<DCCReference Include="protocol\iq\agent\Agents.pas"/>
			<DCCReference Include="protocol\iq\Auth.pas"/>
			<DCCReference Include="protocol\iq\protocol.iq.Register.pas"/>
			<DCCReference Include="protocol\x\FieldContainer.pas"/>
			<DCCReference Include="protocol\x\Option.pas"/>
			<DCCReference Include="protocol\x\Value.pas"/>
			<DCCReference Include="protocol\x\Field.pas"/>
			<DCCReference Include="XML\Dom\ElementCreate.pas"/>
			<DCCReference Include="protocol\x\protocol.x.data.Data.pas"/>
			<DCCReference Include="protocol\x\protocol.x.data.item.pas"/>
			<DCCReference Include="protocol\x\protocol.x.data.Reported.pas"/>
			<DCCReference Include="protocol\iq\protocol.iq.RegisterEventArgs.pas"/>
			<DCCReference Include="protocol\iq\protocol.iq.roster.Roster.pas"/>
			<DCCReference Include="protocol\iq\protocol.iq.roster.RosterItem.pas"/>
			<DCCReference Include="protocol\iq\protocol.iq.roster.Delimiter.pas"/>
			<DCCReference Include="protocol\iq\protocol.iq.roster.RosterIq.pas"/>
			<DCCReference Include="protocol\iq\protocol.iq.roster.RosterManager.pas"/>
			<DCCReference Include="protocol\iq\protocol.iq.agent.AgentIq.pas"/>
			<DCCReference Include="protocol\iq\protocol.iq.auth.AuthIq.pas"/>
			<DCCReference Include="protocol\extensions\protocol.extensions.caps.Capabilities.pas"/>
			<DCCReference Include="protocol\iq\protocol.iq.disco.DiscoInfo.pas"/>
			<DCCReference Include="protocol\iq\protocol.iq.disco.DiscoIdentity.pas"/>
			<DCCReference Include="protocol\iq\protocol.iq.disco.DiscoFeature.pas"/>
			<DCCReference Include="protocol\iq\protocol.iq.disco.DiscoInfoIq.pas"/>
			<DCCReference Include="protocol\iq\protocol.iq.disco.DiscoItem.pas"/>
			<DCCReference Include="protocol\iq\protocol.iq.disco.DiscoItems.pas"/>
			<DCCReference Include="protocol\iq\protocol.iq.disco.DiscoItemsIq.pas"/>
			<DCCReference Include="protocol\iq\protocol.iq.disco.DiscoManager.pas"/>
			<DCCReference Include="util\StringUtils.pas"/>
			<DCCReference Include="protocol\protocol.stream.Features.pas"/>
			<DCCReference Include="protocol\protocol.stream.feature.Register.pas"/>
			<DCCReference Include="protocol\protocol.stream.feature.compression.Compression.pas"/>
			<DCCReference Include="protocol\protocol.stream.feature.compression.Method.pas"/>
			<DCCReference Include="protocol\protocol.tls.StartTls.pas"/>
			<DCCReference Include="protocol\protocol.sasl.Mechanisms.pas"/>
			<DCCReference Include="protocol\protocol.sasl.Mechanism.pas"/>
			<DCCReference Include="protocol\protocol.extensions.compression.Compress.pas"/>
			<DCCReference Include="protocol\protocol.extensions.compression.Compressed.pas"/>
			<DCCReference Include="protocol\protocol.Error.pas"/>
			<DCCReference Include="protocol\protocol.Stream.pas"/>
			<DCCReference Include="Factory\SaslFactory.pas"/>
			<DCCReference Include="sasl\sasl.Mechanism.pas"/>
			<DCCReference Include="XML\Xml.xpnet.BufferAggregate.pas"/>
			<DCCReference Include="XML\Xml.xpnet.NS.pas"/>
			<DCCReference Include="XML\Xml.StreamParser.pas"/>
			<DCCReference Include="XML\Xml.xpnet.Token.pas"/>
			<DCCReference Include="XML\Xml.Dom.Text.pas"/>
			<DCCReference Include="XML\Xml.xpnet.Encoding.pas"/>
			<DCCReference Include="XML\Xml.xpnet.Position.pas"/>
			<DCCReference Include="XML\Xml.xpnet.Exception.pas"/>
			<DCCReference Include="XML\Xml.xpnet.UTF8Encoding.pas"/>
			<DCCReference Include="XML\Xml.XmppStreamParser.pas"/>
			<DCCReference Include="XML\Xml.Dom.Comment.pas"/>
			<DCCReference Include="sasl\sasl.SaslHandler.pas"/>
			<DCCReference Include="sasl\sasl.SaslEventArgs.pas"/>
			<DCCReference Include="protocol\protocol.sasl.pas"/>
			<DCCReference Include="util\util.Random.pas"/>
			<DCCReference Include="net\Net.BaseSocket.pas"/>
			<DCCReference Include="JidComparer.pas"/>
			<DCCReference Include="Exceptions.pas"/>
			<DCCReference Include="Idn.CombiningClass.pas"/>
			<DCCReference Include="Idn.IDNA.pas"/>
			<DCCReference Include="Idn.Punycode.pas"/>
			<DCCReference Include="Idn.NFKC.pas"/>
			<DCCReference Include="protocol\protocol.extensions.amp.pas"/>
			<DCCReference Include="protocol\protocol.extensions.Rule.pas"/>
			<DCCReference Include="net\SynapseSocket.pas"/>
			<DCCReference Include="net\JEP65Socket.pas"/>
			<DCCReference Include="protocol\protocol.extensions.si.pas"/>
			<DCCReference Include="protocol\protocol.extensions.featureneg.pas"/>
			<DCCReference Include="protocol\protocol.extensions.filetransfer.pas"/>
			<DCCReference Include="protocol\protocol.extensions.bytestreams.pas"/>
			<DCCReference Include="FileGrabber.pas"/>
			<None Include="ModelSupport_XMPP\default.txvpck"/>
			<BuildConfiguration Include="Release">
				<Key>Cfg_2</Key>
				<CfgParent>Base</CfgParent>
			</BuildConfiguration>
			<BuildConfiguration Include="Base">
				<Key>Base</Key>
			</BuildConfiguration>
			<BuildConfiguration Include="Debug">
				<Key>Cfg_1</Key>
				<CfgParent>Base</CfgParent>
			</BuildConfiguration>
		</ItemGroup>
		<Import Condition="Exists('$(BDS)\Bin\CodeGear.Delphi.Targets')" Project="$(BDS)\Bin\CodeGear.Delphi.Targets"/>
		<Import Condition="Exists('$(APPDATA)\Embarcadero\$(BDSAPPDATABASEDIR)\8.0\UserTools.proj')" Project="$(APPDATA)\Embarcadero\$(BDSAPPDATABASEDIR)\8.0\UserTools.proj"/>
		<ProjectExtensions>
			<Borland.Personality>Delphi.Personality.12</Borland.Personality>
			<Borland.ProjectType>Package</Borland.ProjectType>
			<BorlandProject>
				<Delphi.Personality>
					<Source>
						<Source Name="MainSource">XMPP.dpk</Source>
					</Source>
					<VersionInfo>
						<VersionInfo Name="IncludeVerInfo">True</VersionInfo>
						<VersionInfo Name="AutoIncBuild">False</VersionInfo>
						<VersionInfo Name="MajorVer">1</VersionInfo>
						<VersionInfo Name="MinorVer">0</VersionInfo>
						<VersionInfo Name="Release">0</VersionInfo>
						<VersionInfo Name="Build">0</VersionInfo>
						<VersionInfo Name="Debug">False</VersionInfo>
						<VersionInfo Name="PreRelease">False</VersionInfo>
						<VersionInfo Name="Special">False</VersionInfo>
						<VersionInfo Name="Private">False</VersionInfo>
						<VersionInfo Name="DLL">False</VersionInfo>
						<VersionInfo Name="Locale">2052</VersionInfo>
						<VersionInfo Name="CodePage">936</VersionInfo>
					</VersionInfo>
					<VersionInfoKeys>
						<VersionInfoKeys Name="CompanyName"/>
						<VersionInfoKeys Name="FileDescription"/>
						<VersionInfoKeys Name="FileVersion">1.0.0.0</VersionInfoKeys>
						<VersionInfoKeys Name="InternalName"/>
						<VersionInfoKeys Name="LegalCopyright"/>
						<VersionInfoKeys Name="LegalTrademarks"/>
						<VersionInfoKeys Name="OriginalFilename"/>
						<VersionInfoKeys Name="ProductName"/>
						<VersionInfoKeys Name="ProductVersion">1.0.0.0</VersionInfoKeys>
						<VersionInfoKeys Name="Comments"/>
					</VersionInfoKeys>
					<Excluded_Packages>
						<Excluded_Packages Name="$(BDSBIN)\dcloffice2k150.bpl">Microsoft Office 2000 Sample Automation Server Wrapper Components</Excluded_Packages>
						<Excluded_Packages Name="$(BDSBIN)\dclofficexp150.bpl">Microsoft Office XP Sample Automation Server Wrapper Components</Excluded_Packages>
					</Excluded_Packages>
				</Delphi.Personality>
				<Platforms>
					<Platform value="Win32">True</Platform>
				</Platforms>
				<ModelSupport>True</ModelSupport>
			</BorlandProject>
			<ProjectFileVersion>12</ProjectFileVersion>
		</ProjectExtensions>
	</Project>
